
Microsoft Visual Studio Solution File, Format Version 12.00
# Visual Studio Version 16
VisualStudioVersion = 16.0.31729.503
MinimumVisualStudioVersion = 10.0.40219.1
Project("{2150E333-8FDC-42A3-9474-1A3956D46DE8}") = "Services", "Services", "{F31E466C-5D53-42DE-B0E2-00AA40E3B772}"
EndProject
Project("{2150E333-8FDC-42A3-9474-1A3956D46DE8}") = "Catalog", "Catalog", "{FFF1C931-7E9D-4A9E-8FE0-B853103FE21B}"
EndProject
Project("{FAE04EC0-301F-11D3-BF4B-00C04F79EFBC}") = "Catalog.Api", "Services\Catalog\Catalog.Api\Catalog.Api.csproj", "{79985C7B-FD04-4FCB-A5AC-B0C1E0A0D780}"
EndProject
Global
	GlobalSection(SolutionConfigurationPlatforms) = preSolution
		Debug|Any CPU = Debug|Any CPU
		Release|Any CPU = Release|Any CPU
	EndGlobalSection
	GlobalSection(ProjectConfigurationPlatforms) = postSolution
		{79985C7B-FD04-4FCB-A5AC-B0C1E0A0D780}.Debug|Any CPU.ActiveCfg = Debug|Any CPU
		{79985C7B-FD04-4FCB-A5AC-B0C1E0A0D780}.Debug|Any CPU.Build.0 = Debug|Any CPU
		{79985C7B-FD04-4FCB-A5AC-B0C1E0A0D780}.Release|Any CPU.ActiveCfg = Release|Any CPU
		{79985C7B-FD04-4FCB-A5AC-B0C1E0A0D780}.Release|Any CPU.Build.0 = Release|Any CPU
	EndGlobalSection
	GlobalSection(SolutionProperties) = preSolution
		HideSolutionNode = FALSE
	EndGlobalSection
	GlobalSection(NestedProjects) = preSolution
		{FFF1C931-7E9D-4A9E-8FE0-B853103FE21B} = {F31E466C-5D53-42DE-B0E2-00AA40E3B772}
		{79985C7B-FD04-4FCB-A5AC-B0C1E0A0D780} = {FFF1C931-7E9D-4A9E-8FE0-B853103FE21B}
	EndGlobalSection
	GlobalSection(ExtensibilityGlobals) = postSolution
		SolutionGuid = {29BEAFD4-4DF9-459D-8F5E-E57E14FA7E0A}
	EndGlobalSection
EndGlobal
